
Microsoft Visual Studio Solution File, Format Version 12.00
# Visual Studio Version 17
VisualStudioVersion = 17.11.35312.102
MinimumVisualStudioVersion = 10.0.40219.1
Project("{FAE04EC0-301F-11D3-BF4B-00C04F79EFBC}") = "08_Methods", "08_Methods\08_Methods.csproj", "{E7786809-EAC8-4442-A16C-8DCECE97212E}"
EndProject
Global
	GlobalSection(SolutionConfigurationPlatforms) = preSolution
		Debug|Any CPU = Debug|Any CPU
		Release|Any CPU = Release|Any CPU
	EndGlobalSection
	GlobalSection(ProjectConfigurationPlatforms) = postSolution
		{E7786809-EAC8-4442-A16C-8DCECE97212E}.Debug|Any CPU.ActiveCfg = Debug|Any CPU
		{E7786809-EAC8-4442-A16C-8DCECE97212E}.Debug|Any CPU.Build.0 = Debug|Any CPU
		{E7786809-EAC8-4442-A16C-8DCECE97212E}.Release|Any CPU.ActiveCfg = Release|Any CPU
		{E7786809-EAC8-4442-A16C-8DCECE97212E}.Release|Any CPU.Build.0 = Release|Any CPU
	EndGlobalSection
	GlobalSection(SolutionProperties) = preSolution
		HideSolutionNode = FALSE
	EndGlobalSection
	GlobalSection(ExtensibilityGlobals) = postSolution
		SolutionGuid = {FE2D34FD-0481-4ACD-A64E-976253240601}
	EndGlobalSection
EndGlobal
